
Microsoft Visual Studio Solution File, Format Version 12.00
# Visual Studio 15
VisualStudioVersion = 15.0.28307.329
MinimumVisualStudioVersion = 10.0.40219.1
Project("{FAE04EC0-301F-11D3-BF4B-00C04F79EFBC}") = "ANPRWeb", "ANPRWeb\ANPRWeb.csproj", "{03CDEC69-6FF4-4EFC-B23A-908C13D94BA2}"
EndProject
Global
	GlobalSection(SolutionConfigurationPlatforms) = preSolution
		Debug|Any CPU = Debug|Any CPU
		Release|Any CPU = Release|Any CPU
	EndGlobalSection
	GlobalSection(ProjectConfigurationPlatforms) = postSolution
		{03CDEC69-6FF4-4EFC-B23A-908C13D94BA2}.Debug|Any CPU.ActiveCfg = Debug|Any CPU
		{03CDEC69-6FF4-4EFC-B23A-908C13D94BA2}.Debug|Any CPU.Build.0 = Debug|Any CPU
		{03CDEC69-6FF4-4EFC-B23A-908C13D94BA2}.Release|Any CPU.ActiveCfg = Release|Any CPU
		{03CDEC69-6FF4-4EFC-B23A-908C13D94BA2}.Release|Any CPU.Build.0 = Release|Any CPU
	EndGlobalSection
	GlobalSection(SolutionProperties) = preSolution
		HideSolutionNode = FALSE
	EndGlobalSection
	GlobalSection(ExtensibilityGlobals) = postSolution
		SolutionGuid = {B56EC50D-5478-4AFE-885B-157AC7D88ABA}
	EndGlobalSection
EndGlobal
